
Microsoft Visual Studio Solution File, Format Version 12.00
# Visual Studio 15
VisualStudioVersion = 15.0.28307.572
MinimumVisualStudioVersion = 10.0.40219.1
Project("{F184B08F-C81C-45F6-A57F-5ABD9991F28F}") = "CCM-CustomContentManager", "CCM-CustomContentManager\CCM-CustomContentManager.vbproj", "{1B7EA6C0-24A7-4306-AD89-0F2853E21AA0}"
EndProject
Project("{F184B08F-C81C-45F6-A57F-5ABD9991F28F}") = "ShowCase", "ShowCase\ShowCase.vbproj", "{6C974B81-C9A8-47BB-B29C-F0B13B384DEC}"
EndProject
Global
	GlobalSection(SolutionConfigurationPlatforms) = preSolution
		Debug|Any CPU = Debug|Any CPU
		Release|Any CPU = Release|Any CPU
	EndGlobalSection
	GlobalSection(ProjectConfigurationPlatforms) = postSolution
		{1B7EA6C0-24A7-4306-AD89-0F2853E21AA0}.Debug|Any CPU.ActiveCfg = Debug|Any CPU
		{1B7EA6C0-24A7-4306-AD89-0F2853E21AA0}.Debug|Any CPU.Build.0 = Debug|Any CPU
		{1B7EA6C0-24A7-4306-AD89-0F2853E21AA0}.Release|Any CPU.ActiveCfg = Release|Any CPU
		{1B7EA6C0-24A7-4306-AD89-0F2853E21AA0}.Release|Any CPU.Build.0 = Release|Any CPU
		{6C974B81-C9A8-47BB-B29C-F0B13B384DEC}.Debug|Any CPU.ActiveCfg = Debug|Any CPU
		{6C974B81-C9A8-47BB-B29C-F0B13B384DEC}.Debug|Any CPU.Build.0 = Debug|Any CPU
		{6C974B81-C9A8-47BB-B29C-F0B13B384DEC}.Release|Any CPU.ActiveCfg = Release|Any CPU
		{6C974B81-C9A8-47BB-B29C-F0B13B384DEC}.Release|Any CPU.Build.0 = Release|Any CPU
	EndGlobalSection
	GlobalSection(SolutionProperties) = preSolution
		HideSolutionNode = FALSE
	EndGlobalSection
	GlobalSection(ExtensibilityGlobals) = postSolution
		SolutionGuid = {74534EFF-A3E8-4FF8-A30A-BCF95E169526}
	EndGlobalSection
EndGlobal
